
Microsoft Visual Studio Solution File, Format Version 12.00
# Visual Studio Version 17
VisualStudioVersion = 17.2.32519.379
MinimumVisualStudioVersion = 10.0.40219.1
Project("{FAE04EC0-301F-11D3-BF4B-00C04F79EFBC}") = "proect", "proect\proect.csproj", "{19AE53CB-540E-4F4F-B28F-2476D5E791D8}"
EndProject
Global
	GlobalSection(SolutionConfigurationPlatforms) = preSolution
		Debug|Any CPU = Debug|Any CPU
		Release|Any CPU = Release|Any CPU
	EndGlobalSection
	GlobalSection(ProjectConfigurationPlatforms) = postSolution
		{19AE53CB-540E-4F4F-B28F-2476D5E791D8}.Debug|Any CPU.ActiveCfg = Debug|Any CPU
		{19AE53CB-540E-4F4F-B28F-2476D5E791D8}.Debug|Any CPU.Build.0 = Debug|Any CPU
		{19AE53CB-540E-4F4F-B28F-2476D5E791D8}.Release|Any CPU.ActiveCfg = Release|Any CPU
		{19AE53CB-540E-4F4F-B28F-2476D5E791D8}.Release|Any CPU.Build.0 = Release|Any CPU
	EndGlobalSection
	GlobalSection(SolutionProperties) = preSolution
		HideSolutionNode = FALSE
	EndGlobalSection
	GlobalSection(ExtensibilityGlobals) = postSolution
		SolutionGuid = {886E8BDF-6C59-42E5-A8C3-698EE37C9A97}
	EndGlobalSection
EndGlobal
